
Microsoft Visual Studio Solution File, Format Version 12.00
# Visual Studio Version 17
VisualStudioVersion = 17.0.31612.314
MinimumVisualStudioVersion = 10.0.40219.1
Project("{FAE04EC0-301F-11D3-BF4B-00C04F79EFBC}") = "TaskApp", "TaskApp\TaskApp.csproj", "{795EE48C-01E4-44E3-B16F-AE2793B62433}"
EndProject
Project("{FAE04EC0-301F-11D3-BF4B-00C04F79EFBC}") = "TaskApp.Test", "TaskApp.Test\TaskApp.Test.csproj", "{5E1CAA47-D340-4ACE-99D6-8895807F94E5}"
EndProject
Global
	GlobalSection(SolutionConfigurationPlatforms) = preSolution
		Debug|Any CPU = Debug|Any CPU
		Release|Any CPU = Release|Any CPU
	EndGlobalSection
	GlobalSection(ProjectConfigurationPlatforms) = postSolution
		{795EE48C-01E4-44E3-B16F-AE2793B62433}.Debug|Any CPU.ActiveCfg = Debug|Any CPU
		{795EE48C-01E4-44E3-B16F-AE2793B62433}.Debug|Any CPU.Build.0 = Debug|Any CPU
		{795EE48C-01E4-44E3-B16F-AE2793B62433}.Release|Any CPU.ActiveCfg = Release|Any CPU
		{795EE48C-01E4-44E3-B16F-AE2793B62433}.Release|Any CPU.Build.0 = Release|Any CPU
		{5E1CAA47-D340-4ACE-99D6-8895807F94E5}.Debug|Any CPU.ActiveCfg = Debug|Any CPU
		{5E1CAA47-D340-4ACE-99D6-8895807F94E5}.Debug|Any CPU.Build.0 = Debug|Any CPU
		{5E1CAA47-D340-4ACE-99D6-8895807F94E5}.Release|Any CPU.ActiveCfg = Release|Any CPU
		{5E1CAA47-D340-4ACE-99D6-8895807F94E5}.Release|Any CPU.Build.0 = Release|Any CPU
	EndGlobalSection
	GlobalSection(SolutionProperties) = preSolution
		HideSolutionNode = FALSE
	EndGlobalSection
	GlobalSection(ExtensibilityGlobals) = postSolution
		SolutionGuid = {9C74E94A-F1C1-4BE0-9682-721234DE7468}
	EndGlobalSection
EndGlobal
